
Microsoft Visual Studio Solution File, Format Version 12.00
# Visual Studio Version 17
VisualStudioVersion = 17.0.32126.317
MinimumVisualStudioVersion = 10.0.40219.1
Project("{2150E333-8FDC-42A3-9474-1A3956D46DE8}") = "1-PresentationLayer", "1-PresentationLayer", "{7F18D06D-6848-4C98-8C74-90765A3E00DF}"
EndProject
Project("{2150E333-8FDC-42A3-9474-1A3956D46DE8}") = "2-ServiceLayer", "2-ServiceLayer", "{658DB7F2-958F-47F4-B39C-C313B46FA69E}"
EndProject
Project("{2150E333-8FDC-42A3-9474-1A3956D46DE8}") = "3-EntitiesLayer", "3-EntitiesLayer", "{D5D2D803-6389-4AE5-AFFC-242806C18876}"
EndProject
Project("{2150E333-8FDC-42A3-9474-1A3956D46DE8}") = "4-PersistenceLayer", "4-PersistenceLayer", "{13B849D4-3B57-430A-B974-9E3596E4E133}"
EndProject
Project("{9A19103F-16F7-4668-BE54-9A1E7A4F7556}") = "Az204.Model.ServiceLayer", "Az204.Model.ServiceLayer\Az204.Model.ServiceLayer.csproj", "{55DDB22F-322A-4816-BD5D-42EF37E4F7CE}"
EndProject
Project("{9A19103F-16F7-4668-BE54-9A1E7A4F7556}") = "Az204.Model.EntitiesLayer", "Az204.Model.EntitiesLayer\Az204.Model.EntitiesLayer.csproj", "{852A2AF8-1ED8-422E-A793-57D11B2B74E8}"
EndProject
Project("{9A19103F-16F7-4668-BE54-9A1E7A4F7556}") = "Az204.Model.PersistenceLayer", "Az204.Model.PersistenceLayer\Az204.Model.PersistenceLayer.csproj", "{36642A24-9379-47ED-8A95-9BD3C4FA31B3}"
EndProject
Project("{9A19103F-16F7-4668-BE54-9A1E7A4F7556}") = "Az204.Api", "Az204.Api\Az204.Api.csproj", "{F702C86A-6117-47F1-B49F-A53EBAD5433B}"
EndProject
Project("{2150E333-8FDC-42A3-9474-1A3956D46DE8}") = "5-UtilitiesLayer", "5-UtilitiesLayer", "{F52393D6-9294-4D3B-9CC5-88AD8000FFE3}"
EndProject
Project("{9A19103F-16F7-4668-BE54-9A1E7A4F7556}") = "Az204.Model.UtilitiesLayer", "Az204.Model.UtilitiesLayer\Az204.Model.UtilitiesLayer.csproj", "{F0EB3AE6-5612-40EA-93D7-565456D00E0B}"
EndProject
Project("{2150E333-8FDC-42A3-9474-1A3956D46DE8}") = "0-Others", "0-Others", "{4BADCC27-C671-40E4-A230-0C75D27EA0B4}"
EndProject
Project("{9A19103F-16F7-4668-BE54-9A1E7A4F7556}") = "Az204.Function", "Az204.Function\Az204.Function.csproj", "{89DF80B9-C464-4592-AC06-00A2FEB642EE}"
EndProject
Project("{9A19103F-16F7-4668-BE54-9A1E7A4F7556}") = "Az204.Queue.Sender", "Az204.Queue.Sender\Az204.Queue.Sender.csproj", "{DE13F175-CD77-46E7-9178-6192C17FE5C9}"
EndProject
Project("{9A19103F-16F7-4668-BE54-9A1E7A4F7556}") = "Az204.Queue.Receiver", "Az204.Queue.Receiver\Az204.Queue.Receiver.csproj", "{A8432533-62D0-4FB1-814C-610D0E1BDCAB}"
EndProject
Project("{FAE04EC0-301F-11D3-BF4B-00C04F79EFBC}") = "Az204.ServiceBus.Publisher", "Az204.ServiceBus.Publisher\Az204.ServiceBus.Publisher.csproj", "{FB3CB877-4FE4-4617-8BC1-465B96719335}"
EndProject
Global
	GlobalSection(SolutionConfigurationPlatforms) = preSolution
		Debug|Any CPU = Debug|Any CPU
		Release|Any CPU = Release|Any CPU
	EndGlobalSection
	GlobalSection(ProjectConfigurationPlatforms) = postSolution
		{55DDB22F-322A-4816-BD5D-42EF37E4F7CE}.Debug|Any CPU.ActiveCfg = Debug|Any CPU
		{55DDB22F-322A-4816-BD5D-42EF37E4F7CE}.Debug|Any CPU.Build.0 = Debug|Any CPU
		{55DDB22F-322A-4816-BD5D-42EF37E4F7CE}.Release|Any CPU.ActiveCfg = Release|Any CPU
		{55DDB22F-322A-4816-BD5D-42EF37E4F7CE}.Release|Any CPU.Build.0 = Release|Any CPU
		{852A2AF8-1ED8-422E-A793-57D11B2B74E8}.Debug|Any CPU.ActiveCfg = Debug|Any CPU
		{852A2AF8-1ED8-422E-A793-57D11B2B74E8}.Debug|Any CPU.Build.0 = Debug|Any CPU
		{852A2AF8-1ED8-422E-A793-57D11B2B74E8}.Release|Any CPU.ActiveCfg = Release|Any CPU
		{852A2AF8-1ED8-422E-A793-57D11B2B74E8}.Release|Any CPU.Build.0 = Release|Any CPU
		{36642A24-9379-47ED-8A95-9BD3C4FA31B3}.Debug|Any CPU.ActiveCfg = Debug|Any CPU
		{36642A24-9379-47ED-8A95-9BD3C4FA31B3}.Debug|Any CPU.Build.0 = Debug|Any CPU
		{36642A24-9379-47ED-8A95-9BD3C4FA31B3}.Release|Any CPU.ActiveCfg = Release|Any CPU
		{36642A24-9379-47ED-8A95-9BD3C4FA31B3}.Release|Any CPU.Build.0 = Release|Any CPU
		{F702C86A-6117-47F1-B49F-A53EBAD5433B}.Debug|Any CPU.ActiveCfg = Debug|Any CPU
		{F702C86A-6117-47F1-B49F-A53EBAD5433B}.Debug|Any CPU.Build.0 = Debug|Any CPU
		{F702C86A-6117-47F1-B49F-A53EBAD5433B}.Release|Any CPU.ActiveCfg = Release|Any CPU
		{F702C86A-6117-47F1-B49F-A53EBAD5433B}.Release|Any CPU.Build.0 = Release|Any CPU
		{F0EB3AE6-5612-40EA-93D7-565456D00E0B}.Debug|Any CPU.ActiveCfg = Debug|Any CPU
		{F0EB3AE6-5612-40EA-93D7-565456D00E0B}.Debug|Any CPU.Build.0 = Debug|Any CPU
		{F0EB3AE6-5612-40EA-93D7-565456D00E0B}.Release|Any CPU.ActiveCfg = Release|Any CPU
		{F0EB3AE6-5612-40EA-93D7-565456D00E0B}.Release|Any CPU.Build.0 = Release|Any CPU
		{89DF80B9-C464-4592-AC06-00A2FEB642EE}.Debug|Any CPU.ActiveCfg = Debug|Any CPU
		{89DF80B9-C464-4592-AC06-00A2FEB642EE}.Debug|Any CPU.Build.0 = Debug|Any CPU
		{89DF80B9-C464-4592-AC06-00A2FEB642EE}.Release|Any CPU.ActiveCfg = Release|Any CPU
		{89DF80B9-C464-4592-AC06-00A2FEB642EE}.Release|Any CPU.Build.0 = Release|Any CPU
		{DE13F175-CD77-46E7-9178-6192C17FE5C9}.Debug|Any CPU.ActiveCfg = Debug|Any CPU
		{DE13F175-CD77-46E7-9178-6192C17FE5C9}.Debug|Any CPU.Build.0 = Debug|Any CPU
		{DE13F175-CD77-46E7-9178-6192C17FE5C9}.Release|Any CPU.ActiveCfg = Release|Any CPU
		{DE13F175-CD77-46E7-9178-6192C17FE5C9}.Release|Any CPU.Build.0 = Release|Any CPU
		{A8432533-62D0-4FB1-814C-610D0E1BDCAB}.Debug|Any CPU.ActiveCfg = Debug|Any CPU
		{A8432533-62D0-4FB1-814C-610D0E1BDCAB}.Debug|Any CPU.Build.0 = Debug|Any CPU
		{A8432533-62D0-4FB1-814C-610D0E1BDCAB}.Release|Any CPU.ActiveCfg = Release|Any CPU
		{A8432533-62D0-4FB1-814C-610D0E1BDCAB}.Release|Any CPU.Build.0 = Release|Any CPU
		{FB3CB877-4FE4-4617-8BC1-465B96719335}.Debug|Any CPU.ActiveCfg = Debug|Any CPU
		{FB3CB877-4FE4-4617-8BC1-465B96719335}.Debug|Any CPU.Build.0 = Debug|Any CPU
		{FB3CB877-4FE4-4617-8BC1-465B96719335}.Release|Any CPU.ActiveCfg = Release|Any CPU
		{FB3CB877-4FE4-4617-8BC1-465B96719335}.Release|Any CPU.Build.0 = Release|Any CPU
	EndGlobalSection
	GlobalSection(SolutionProperties) = preSolution
		HideSolutionNode = FALSE
	EndGlobalSection
	GlobalSection(NestedProjects) = preSolution
		{55DDB22F-322A-4816-BD5D-42EF37E4F7CE} = {658DB7F2-958F-47F4-B39C-C313B46FA69E}
		{852A2AF8-1ED8-422E-A793-57D11B2B74E8} = {D5D2D803-6389-4AE5-AFFC-242806C18876}
		{36642A24-9379-47ED-8A95-9BD3C4FA31B3} = {13B849D4-3B57-430A-B974-9E3596E4E133}
		{F702C86A-6117-47F1-B49F-A53EBAD5433B} = {7F18D06D-6848-4C98-8C74-90765A3E00DF}
		{F0EB3AE6-5612-40EA-93D7-565456D00E0B} = {F52393D6-9294-4D3B-9CC5-88AD8000FFE3}
		{89DF80B9-C464-4592-AC06-00A2FEB642EE} = {4BADCC27-C671-40E4-A230-0C75D27EA0B4}
		{DE13F175-CD77-46E7-9178-6192C17FE5C9} = {4BADCC27-C671-40E4-A230-0C75D27EA0B4}
		{A8432533-62D0-4FB1-814C-610D0E1BDCAB} = {4BADCC27-C671-40E4-A230-0C75D27EA0B4}
		{FB3CB877-4FE4-4617-8BC1-465B96719335} = {4BADCC27-C671-40E4-A230-0C75D27EA0B4}
	EndGlobalSection
	GlobalSection(ExtensibilityGlobals) = postSolution
		SolutionGuid = {8500DFD5-56AA-476F-AED4-319F1F728F89}
	EndGlobalSection
EndGlobal
